{
  "requires": true,
  "lockfileVersion": 1,
  "dependencies": {
    "uuid": {
      "version": "7.0.3",
      "resolved": "https://registry.npmjs.org/uuid/-/uuid-7.0.3.tgz",
      "integrity": "sha512-DPSke0pXhTZgoF/d+WSt2QaKMCFSfx7QegxEWT+JOuHF5aWrKEn0G+ztjuJg/gG8/ItK+rbPCD/yNv8yyih6Cg=="
    },
    "uuidv4": {
      "version": "6.0.7",
      "resolved": "https://registry.npmjs.org/uuidv4/-/uuidv4-6.0.7.tgz",
      "integrity": "sha512-4mpYRFNqO22EckzxPSJ/+xjn9GgO6SAqEJ33yt23Y+HZZoZOt/6l4U4iIjc86ZfxSN2fSCGGmHNb3kiACFNd1g==",
      "requires": {
        "uuid": "7.0.3"
      }
    }
  }
}
